
Microsoft Visual Studio Solution File, Format Version 12.00
# Visual Studio Version 17
VisualStudioVersion = 17.7.34024.191
MinimumVisualStudioVersion = 10.0.40219.1
Project("{FAE04EC0-301F-11D3-BF4B-00C04F79EFBC}") = "14.Calculator_operator", "14.Calculator_operator.csproj", "{27287F0C-FF6A-4BF9-878F-D22B35F0A0E8}"
EndProject
Global
	GlobalSection(SolutionConfigurationPlatforms) = preSolution
		Debug|Any CPU = Debug|Any CPU
		Release|Any CPU = Release|Any CPU
	EndGlobalSection
	GlobalSection(ProjectConfigurationPlatforms) = postSolution
		{27287F0C-FF6A-4BF9-878F-D22B35F0A0E8}.Debug|Any CPU.ActiveCfg = Debug|Any CPU
		{27287F0C-FF6A-4BF9-878F-D22B35F0A0E8}.Debug|Any CPU.Build.0 = Debug|Any CPU
		{27287F0C-FF6A-4BF9-878F-D22B35F0A0E8}.Release|Any CPU.ActiveCfg = Release|Any CPU
		{27287F0C-FF6A-4BF9-878F-D22B35F0A0E8}.Release|Any CPU.Build.0 = Release|Any CPU
	EndGlobalSection
	GlobalSection(SolutionProperties) = preSolution
		HideSolutionNode = FALSE
	EndGlobalSection
	GlobalSection(ExtensibilityGlobals) = postSolution
		SolutionGuid = {282508E3-2B01-4CB6-9C78-9F9A60ED8452}
	EndGlobalSection
EndGlobal
